PODS:
  - ActiveLabel (0.7.0)
  - IBAnimatable (3.1.1)
  - Kingfisher (3.2.2)
  - SnapKit (3.0.2)

DEPENDENCIES:
  - ActiveLabel
  - IBAnimatable
  - Kingfisher
  - SnapKit (~> 3.0.2)

SPEC CHECKSUMS:
  ActiveLabel: eb405c5b99275be52fac161f7a55cab1dd672c54
  IBAnimatable: ccdebebf1d702b08ad0b0a782471f4f14a284e7f
  Kingfisher: 821466474ad7ffc375a4aecadfa05068cfed67b3
  SnapKit: 2e456761aa92d4d4067a7a5594c18769d451a8ad

PODFILE CHECKSUM: 7d40d1487a9f71f8c786eb1f630fbfa52cf13178

COCOAPODS: 1.2.0.beta.1
