// !$*UTF8*$!
{
	archiveVersion = 1;
	classes = {
	};
	objectVersion = 46;
	objects = {

/* Begin PBXBuildFile section */
		1839F9E41DFAE3A0005741B0 /* OEWeiboController.swift in Sources */ = {isa = PBXBuildFile; fileRef = 1839F9E31DFAE3A0005741B0 /* OEWeiboController.swift */; };
		1839F9E71DFAE5EC005741B0 /* OEWeiboCell.swift in Sources */ = {isa = PBXBuildFile; fileRef = 1839F9E51DFAE5EC005741B0 /* OEWeiboCell.swift */; };
		33068C034C4FB756E147628A /* Pods_OE5Min.framework in Frameworks */ = {isa = PBXBuildFile; fileRef = 8A7C9F3405B08D04F157AF12 /* Pods_OE5Min.framework */; };
		BC007D031E026DBB00266675 /* OEImageCollectionView.swift in Sources */ = {isa = PBXBuildFile; fileRef = BC007D021E026DBB00266675 /* OEImageCollectionView.swift */; };
		BC007D051E0270A100266675 /* OEImageCollectionViewCell.swift in Sources */ = {isa = PBXBuildFile; fileRef = BC007D041E0270A100266675 /* OEImageCollectionViewCell.swift */; };
		BC007D071E029E2E00266675 /* OEWeiboTextView.swift in Sources */ = {isa = PBXBuildFile; fileRef = BC007D061E029E2E00266675 /* OEWeiboTextView.swift */; };
		BC0A89701DFFDA92009765D0 /* OEView.swift in Sources */ = {isa = PBXBuildFile; fileRef = BC0A896F1DFFDA92009765D0 /* OEView.swift */; };
		BC372E651DF8FA39006FA33C /* AppDelegate.swift in Sources */ = {isa = PBXBuildFile; fileRef = BC372E631DF8FA39006FA33C /* AppDelegate.swift */; };
		BC372E661DF8FA39006FA33C /* Info.plist in Resources */ = {isa = PBXBuildFile; fileRef = BC372E641DF8FA39006FA33C /* Info.plist */; };
		BC372E6E1DF8FB48006FA33C /* OEHomeContoller.swift in Sources */ = {isa = PBXBuildFile; fileRef = BC372E6D1DF8FB48006FA33C /* OEHomeContoller.swift */; };
		BC372E701DF8FEEF006FA33C /* OEMacro.swift in Sources */ = {isa = PBXBuildFile; fileRef = BC372E6F1DF8FEEF006FA33C /* OEMacro.swift */; };
		BC372E731DF906C6006FA33C /* OEHomeCollectionCell.swift in Sources */ = {isa = PBXBuildFile; fileRef = BC372E711DF906C6006FA33C /* OEHomeCollectionCell.swift */; };
		BC372E741DF906C6006FA33C /* OEHomeCollectionCell.xib in Resources */ = {isa = PBXBuildFile; fileRef = BC372E721DF906C6006FA33C /* OEHomeCollectionCell.xib */; };
		BC52E91A1DFE73E600255199 /* OEBaseNavController.swift in Sources */ = {isa = PBXBuildFile; fileRef = BC52E9171DFE73E600255199 /* OEBaseNavController.swift */; };
		BC52E91B1DFE73E600255199 /* OEBaseTableViewController.swift in Sources */ = {isa = PBXBuildFile; fileRef = BC52E9181DFE73E600255199 /* OEBaseTableViewController.swift */; };
		BC52E91C1DFE73E600255199 /* OEBaseViewController.swift in Sources */ = {isa = PBXBuildFile; fileRef = BC52E9191DFE73E600255199 /* OEBaseViewController.swift */; };
		BC7C76F41E1B8654003807FC /* OELoginController.swift in Sources */ = {isa = PBXBuildFile; fileRef = BC7C76F21E1B8654003807FC /* OELoginController.swift */; };
		BC7C76F51E1B8654003807FC /* OELoginController.xib in Resources */ = {isa = PBXBuildFile; fileRef = BC7C76F31E1B8654003807FC /* OELoginController.xib */; };
		BC7C76F81E1B8669003807FC /* OENetWorking.swift in Sources */ = {isa = PBXBuildFile; fileRef = BC7C76F71E1B8669003807FC /* OENetWorking.swift */; };
		BC8EC72E1E03D56600AD76EA /* OEUserLabel.swift in Sources */ = {isa = PBXBuildFile; fileRef = BC8EC72D1E03D56600AD76EA /* OEUserLabel.swift */; };
		BC9A519F1E1CCAE1001A6EAA /* OECache.swift in Sources */ = {isa = PBXBuildFile; fileRef = BC9A519E1E1CCAE1001A6EAA /* OECache.swift */; };
		BCA7CAA71DF7A89B00CA5EC6 /* Assets.xcassets in Resources */ = {isa = PBXBuildFile; fileRef = BCA7CAA61DF7A89B00CA5EC6 /* Assets.xcassets */; };
		BCA7CAAA1DF7A89B00CA5EC6 /* LaunchScreen.storyboard in Resources */ = {isa = PBXBuildFile; fileRef = BCA7CAA81DF7A89B00CA5EC6 /* LaunchScreen.storyboard */; };
		BCA7CAB51DF7A89B00CA5EC6 /* OE5MinTests.swift in Sources */ = {isa = PBXBuildFile; fileRef = BCA7CAB41DF7A89B00CA5EC6 /* OE5MinTests.swift */; };
		BCA7CAC01DF7A89B00CA5EC6 /* OE5MinUITests.swift in Sources */ = {isa = PBXBuildFile; fileRef = BCA7CABF1DF7A89B00CA5EC6 /* OE5MinUITests.swift */; };
/* End PBXBuildFile section */

/* Begin PBXContainerItemProxy section */
		BCA7CAB11DF7A89B00CA5EC6 /* PBXContainerItemProxy */ = {
			isa = PBXContainerItemProxy;
			containerPortal = BCA7CA941DF7A89A00CA5EC6 /* Project object */;
			proxyType = 1;
			remoteGlobalIDString = BCA7CA9B1DF7A89A00CA5EC6;
			remoteInfo = OE5Min;
		};
		BCA7CABC1DF7A89B00CA5EC6 /* PBXContainerItemProxy */ = {
			isa = PBXContainerItemProxy;
			containerPortal = BCA7CA941DF7A89A00CA5EC6 /* Project object */;
			proxyType = 1;
			remoteGlobalIDString = BCA7CA9B1DF7A89A00CA5EC6;
			remoteInfo = OE5Min;
		};
/* End PBXContainerItemProxy section */

/* Begin PBXFileReference section */
		1839F9E31DFAE3A0005741B0 /* OEWeiboController.swift */ = {isa = PBXFileReference; fileEncoding = 4; lastKnownFileType = sourcecode.swift; path = OEWeiboController.swift; sourceTree = "<group>"; };
		1839F9E51DFAE5EC005741B0 /* OEWeiboCell.swift */ = {isa = PBXFileReference; fileEncoding = 4; lastKnownFileType = sourcecode.swift; path = OEWeiboCell.swift; sourceTree = "<group>"; };
		8A7C9F3405B08D04F157AF12 /* Pods_OE5Min.framework */ = {isa = PBXFileReference; explicitFileType = wrapper.framework; includeInIndex = 0; path = Pods_OE5Min.framework; sourceTree = BUILT_PRODUCTS_DIR; };
		9D4358352ACC8114258EBA7D /* Pods-OE5Min.debug.xcconfig */ = {isa = PBXFileReference; includeInIndex = 1; lastKnownFileType = text.xcconfig; name = "Pods-OE5Min.debug.xcconfig"; path = "Pods/Target Support Files/Pods-OE5Min/Pods-OE5Min.debug.xcconfig"; sourceTree = "<group>"; };
		A1FD8344CF9E9AABDCDAF6A9 /* Pods-OE5Min.release.xcconfig */ = {isa = PBXFileReference; includeInIndex = 1; lastKnownFileType = text.xcconfig; name = "Pods-OE5Min.release.xcconfig"; path = "Pods/Target Support Files/Pods-OE5Min/Pods-OE5Min.release.xcconfig"; sourceTree = "<group>"; };
		BC007D021E026DBB00266675 /* OEImageCollectionView.swift */ = {isa = PBXFileReference; fileEncoding = 4; lastKnownFileType = sourcecode.swift; path = OEImageCollectionView.swift; sourceTree = "<group>"; };
		BC007D041E0270A100266675 /* OEImageCollectionViewCell.swift */ = {isa = PBXFileReference; fileEncoding = 4; lastKnownFileType = sourcecode.swift; path = OEImageCollectionViewCell.swift; sourceTree = "<group>"; };
		BC007D061E029E2E00266675 /* OEWeiboTextView.swift */ = {isa = PBXFileReference; fileEncoding = 4; lastKnownFileType = sourcecode.swift; path = OEWeiboTextView.swift; sourceTree = "<group>"; };
		BC0A896F1DFFDA92009765D0 /* OEView.swift */ = {isa = PBXFileReference; fileEncoding = 4; lastKnownFileType = sourcecode.swift; path = OEView.swift; sourceTree = "<group>"; };
		BC0A8C8E1DF95F32008B348C /* MyPlayground.playground */ = {isa = PBXFileReference; lastKnownFileType = file.playground; path = MyPlayground.playground; sourceTree = "<group>"; };
		BC372E631DF8FA39006FA33C /* AppDelegate.swift */ = {isa = PBXFileReference; fileEncoding = 4; lastKnownFileType = sourcecode.swift; path = AppDelegate.swift; sourceTree = "<group>"; };
		BC372E641DF8FA39006FA33C /* Info.plist */ = {isa = PBXFileReference; fileEncoding = 4; lastKnownFileType = text.plist.xml; path = Info.plist; sourceTree = "<group>"; };
		BC372E6D1DF8FB48006FA33C /* OEHomeContoller.swift */ = {isa = PBXFileReference; fileEncoding = 4; lastKnownFileType = sourcecode.swift; path = OEHomeContoller.swift; sourceTree = "<group>"; };
		BC372E6F1DF8FEEF006FA33C /* OEMacro.swift */ = {isa = PBXFileReference; fileEncoding = 4; lastKnownFileType = sourcecode.swift; path = OEMacro.swift; sourceTree = "<group>"; };
		BC372E711DF906C6006FA33C /* OEHomeCollectionCell.swift */ = {isa = PBXFileReference; fileEncoding = 4; lastKnownFileType = sourcecode.swift; path = OEHomeCollectionCell.swift; sourceTree = "<group>"; };
		BC372E721DF906C6006FA33C /* OEHomeCollectionCell.xib */ = {isa = PBXFileReference; fileEncoding = 4; lastKnownFileType = file.xib; path = OEHomeCollectionCell.xib; sourceTree = "<group>"; };
		BC52E9171DFE73E600255199 /* OEBaseNavController.swift */ = {isa = PBXFileReference; fileEncoding = 4; lastKnownFileType = sourcecode.swift; path = OEBaseNavController.swift; sourceTree = "<group>"; };
		BC52E9181DFE73E600255199 /* OEBaseTableViewController.swift */ = {isa = PBXFileReference; fileEncoding = 4; lastKnownFileType = sourcecode.swift; path = OEBaseTableViewController.swift; sourceTree = "<group>"; };
		BC52E9191DFE73E600255199 /* OEBaseViewController.swift */ = {isa = PBXFileReference; fileEncoding = 4; lastKnownFileType = sourcecode.swift; path = OEBaseViewController.swift; sourceTree = "<group>"; };
		BC7C76F21E1B8654003807FC /* OELoginController.swift */ = {isa = PBXFileReference; fileEncoding = 4; lastKnownFileType = sourcecode.swift; path = OELoginController.swift; sourceTree = "<group>"; };
		BC7C76F31E1B8654003807FC /* OELoginController.xib */ = {isa = PBXFileReference; fileEncoding = 4; lastKnownFileType = file.xib; path = OELoginController.xib; sourceTree = "<group>"; };
		BC7C76F71E1B8669003807FC /* OENetWorking.swift */ = {isa = PBXFileReference; fileEncoding = 4; lastKnownFileType = sourcecode.swift; path = OENetWorking.swift; sourceTree = "<group>"; };
		BC8EC72D1E03D56600AD76EA /* OEUserLabel.swift */ = {isa = PBXFileReference; fileEncoding = 4; lastKnownFileType = sourcecode.swift; path = OEUserLabel.swift; sourceTree = "<group>"; };
		BC9A519A1E1CA8E6001A6EAA /* OE5Min-Bridging-Header.h */ = {isa = PBXFileReference; lastKnownFileType = sourcecode.c.h; path = "OE5Min-Bridging-Header.h"; sourceTree = "<group>"; };
		BC9A519E1E1CCAE1001A6EAA /* OECache.swift */ = {isa = PBXFileReference; fileEncoding = 4; lastKnownFileType = sourcecode.swift; path = OECache.swift; sourceTree = "<group>"; };
		BCA7CA9C1DF7A89A00CA5EC6 /* OE5Min.app */ = {isa = PBXFileReference; explicitFileType = wrapper.application; includeInIndex = 0; path = OE5Min.app; sourceTree = BUILT_PRODUCTS_DIR; };
		BCA7CAA61DF7A89B00CA5EC6 /* Assets.xcassets */ = {isa = PBXFileReference; lastKnownFileType = folder.assetcatalog; name = Assets.xcassets; path = ../Assets.xcassets; sourceTree = "<group>"; };
		BCA7CAA91DF7A89B00CA5EC6 /* Base */ = {isa = PBXFileReference; lastKnownFileType = file.storyboard; name = Base; path = Base.lproj/LaunchScreen.storyboard; sourceTree = "<group>"; };
		BCA7CAB01DF7A89B00CA5EC6 /* OE5MinTests.xctest */ = {isa = PBXFileReference; explicitFileType = wrapper.cfbundle; includeInIndex = 0; path = OE5MinTests.xctest; sourceTree = BUILT_PRODUCTS_DIR; };
		BCA7CAB41DF7A89B00CA5EC6 /* OE5MinTests.swift */ = {isa = PBXFileReference; lastKnownFileType = sourcecode.swift; path = OE5MinTests.swift; sourceTree = "<group>"; };
		BCA7CAB61DF7A89B00CA5EC6 /* Info.plist */ = {isa = PBXFileReference; lastKnownFileType = text.plist.xml; path = Info.plist; sourceTree = "<group>"; };
		BCA7CABB1DF7A89B00CA5EC6 /* OE5MinUITests.xctest */ = {isa = PBXFileReference; explicitFileType = wrapper.cfbundle; includeInIndex = 0; path = OE5MinUITests.xctest; sourceTree = BUILT_PRODUCTS_DIR; };
		BCA7CABF1DF7A89B00CA5EC6 /* OE5MinUITests.swift */ = {isa = PBXFileReference; lastKnownFileType = sourcecode.swift; path = OE5MinUITests.swift; sourceTree = "<group>"; };
		BCA7CAC11DF7A89B00CA5EC6 /* Info.plist */ = {isa = PBXFileReference; lastKnownFileType = text.plist.xml; path = Info.plist; sourceTree = "<group>"; };
/* End PBXFileReference section */

/* Begin PBXFrameworksBuildPhase section */
		BCA7CA991DF7A89A00CA5EC6 /* Frameworks */ = {
			isa = PBXFrameworksBuildPhase;
			buildActionMask = 2147483647;
			files = (
				33068C034C4FB756E147628A /* Pods_OE5Min.framework in Frameworks */,
			);
			runOnlyForDeploymentPostprocessing = 0;
		};
		BCA7CAAD1DF7A89B00CA5EC6 /* Frameworks */ = {
			isa = PBXFrameworksBuildPhase;
			buildActionMask = 2147483647;
			files = (
			);
			runOnlyForDeploymentPostprocessing = 0;
		};
		BCA7CAB81DF7A89B00CA5EC6 /* Frameworks */ = {
			isa = PBXFrameworksBuildPhase;
			buildActionMask = 2147483647;
			files = (
			);
			runOnlyForDeploymentPostprocessing = 0;
		};
/* End PBXFrameworksBuildPhase section */

/* Begin PBXGroup section */
		1839F9DE1DFAE368005741B0 /* Weibo */ = {
			isa = PBXGroup;
			children = (
				1839F9DF1DFAE368005741B0 /* Controller */,
				1839F9E01DFAE368005741B0 /* Models */,
				1839F9E11DFAE368005741B0 /* ViewModels */,
				1839F9E21DFAE368005741B0 /* Views */,
			);
			path = Weibo;
			sourceTree = "<group>";
		};
		1839F9DF1DFAE368005741B0 /* Controller */ = {
			isa = PBXGroup;
			children = (
				1839F9E31DFAE3A0005741B0 /* OEWeiboController.swift */,
			);
			path = Controller;
			sourceTree = "<group>";
		};
		1839F9E01DFAE368005741B0 /* Models */ = {
			isa = PBXGroup;
			children = (
			);
			path = Models;
			sourceTree = "<group>";
		};
		1839F9E11DFAE368005741B0 /* ViewModels */ = {
			isa = PBXGroup;
			children = (
			);
			path = ViewModels;
			sourceTree = "<group>";
		};
		1839F9E21DFAE368005741B0 /* Views */ = {
			isa = PBXGroup;
			children = (
				BC007D011E026DA100266675 /* Base */,
				1839F9E51DFAE5EC005741B0 /* OEWeiboCell.swift */,
			);
			path = Views;
			sourceTree = "<group>";
		};
		BC007D011E026DA100266675 /* Base */ = {
			isa = PBXGroup;
			children = (
				BC007D021E026DBB00266675 /* OEImageCollectionView.swift */,
				BC007D041E0270A100266675 /* OEImageCollectionViewCell.swift */,
				BC007D061E029E2E00266675 /* OEWeiboTextView.swift */,
				BC8EC72D1E03D56600AD76EA /* OEUserLabel.swift */,
			);
			name = Base;
			sourceTree = "<group>";
		};
		BC0A896E1DFFDA60009765D0 /* Extension */ = {
			isa = PBXGroup;
			children = (
				BC0A896F1DFFDA92009765D0 /* OEView.swift */,
			);
			path = Extension;
			sourceTree = "<group>";
		};
		BC1C66D61DF959610054B610 /* StoryBoard */ = {
			isa = PBXGroup;
			children = (
			);
			path = StoryBoard;
			sourceTree = "<group>";
		};
		BC372E601DF8FA38006FA33C /* Classes */ = {
			isa = PBXGroup;
			children = (
				BC7C76F01E1B8654003807FC /* Login */,
				BC52E9161DFE73E600255199 /* Base */,
				BC372E611DF8FA39006FA33C /* Home */,
				1839F9DE1DFAE368005741B0 /* Weibo */,
			);
			path = Classes;
			sourceTree = "<group>";
		};
		BC372E611DF8FA39006FA33C /* Home */ = {
			isa = PBXGroup;
			children = (
				BC1C66D61DF959610054B610 /* StoryBoard */,
				BC372E691DF8FB1F006FA33C /* Controller */,
				BC372E6A1DF8FB1F006FA33C /* Models */,
				BC372E6B1DF8FB1F006FA33C /* ViewModels */,
				BC372E6C1DF8FB1F006FA33C /* Views */,
			);
			path = Home;
			sourceTree = "<group>";
		};
		BC372E621DF8FA39006FA33C /* Other */ = {
			isa = PBXGroup;
			children = (
				BCA7CAA81DF7A89B00CA5EC6 /* LaunchScreen.storyboard */,
				BCA7CAA61DF7A89B00CA5EC6 /* Assets.xcassets */,
				BC372E631DF8FA39006FA33C /* AppDelegate.swift */,
				BC372E641DF8FA39006FA33C /* Info.plist */,
				BC372E6F1DF8FEEF006FA33C /* OEMacro.swift */,
				BC9A519A1E1CA8E6001A6EAA /* OE5Min-Bridging-Header.h */,
			);
			path = Other;
			sourceTree = "<group>";
		};
		BC372E691DF8FB1F006FA33C /* Controller */ = {
			isa = PBXGroup;
			children = (
				BC372E6D1DF8FB48006FA33C /* OEHomeContoller.swift */,
			);
			path = Controller;
			sourceTree = "<group>";
		};
		BC372E6A1DF8FB1F006FA33C /* Models */ = {
			isa = PBXGroup;
			children = (
			);
			path = Models;
			sourceTree = "<group>";
		};
		BC372E6B1DF8FB1F006FA33C /* ViewModels */ = {
			isa = PBXGroup;
			children = (
			);
			path = ViewModels;
			sourceTree = "<group>";
		};
		BC372E6C1DF8FB1F006FA33C /* Views */ = {
			isa = PBXGroup;
			children = (
				BC372E711DF906C6006FA33C /* OEHomeCollectionCell.swift */,
				BC372E721DF906C6006FA33C /* OEHomeCollectionCell.xib */,
			);
			path = Views;
			sourceTree = "<group>";
		};
		BC52E9161DFE73E600255199 /* Base */ = {
			isa = PBXGroup;
			children = (
				BC52E9171DFE73E600255199 /* OEBaseNavController.swift */,
				BC52E9181DFE73E600255199 /* OEBaseTableViewController.swift */,
				BC52E9191DFE73E600255199 /* OEBaseViewController.swift */,
			);
			path = Base;
			sourceTree = "<group>";
		};
		BC7C76F01E1B8654003807FC /* Login */ = {
			isa = PBXGroup;
			children = (
				BC7C76F11E1B8654003807FC /* Controllers */,
			);
			path = Login;
			sourceTree = "<group>";
		};
		BC7C76F11E1B8654003807FC /* Controllers */ = {
			isa = PBXGroup;
			children = (
				BC7C76F21E1B8654003807FC /* OELoginController.swift */,
				BC7C76F31E1B8654003807FC /* OELoginController.xib */,
			);
			path = Controllers;
			sourceTree = "<group>";
		};
		BC7C76F61E1B8669003807FC /* Tool */ = {
			isa = PBXGroup;
			children = (
				BC7C76F71E1B8669003807FC /* OENetWorking.swift */,
				BC9A519E1E1CCAE1001A6EAA /* OECache.swift */,
			);
			path = Tool;
			sourceTree = "<group>";
		};
		BCA7CA931DF7A89A00CA5EC6 = {
			isa = PBXGroup;
			children = (
				BC0A8C8E1DF95F32008B348C /* MyPlayground.playground */,
				BCA7CA9E1DF7A89A00CA5EC6 /* OE5Min */,
				BCA7CAB31DF7A89B00CA5EC6 /* OE5MinTests */,
				BCA7CABE1DF7A89B00CA5EC6 /* OE5MinUITests */,
				BCA7CA9D1DF7A89A00CA5EC6 /* Products */,
				C7BE0769E45B0864B98FFF59 /* Pods */,
				EDCE3E7FABD4654AC2D8499E /* Frameworks */,
			);
			sourceTree = "<group>";
		};
		BCA7CA9D1DF7A89A00CA5EC6 /* Products */ = {
			isa = PBXGroup;
			children = (
				BCA7CA9C1DF7A89A00CA5EC6 /* OE5Min.app */,
				BCA7CAB01DF7A89B00CA5EC6 /* OE5MinTests.xctest */,
				BCA7CABB1DF7A89B00CA5EC6 /* OE5MinUITests.xctest */,
			);
			name = Products;
			sourceTree = "<group>";
		};
		BCA7CA9E1DF7A89A00CA5EC6 /* OE5Min */ = {
			isa = PBXGroup;
			children = (
				BC7C76F61E1B8669003807FC /* Tool */,
				BC0A896E1DFFDA60009765D0 /* Extension */,
				BC372E601DF8FA38006FA33C /* Classes */,
				BC372E621DF8FA39006FA33C /* Other */,
			);
			path = OE5Min;
			sourceTree = "<group>";
		};
		BCA7CAB31DF7A89B00CA5EC6 /* OE5MinTests */ = {
			isa = PBXGroup;
			children = (
				BCA7CAB41DF7A89B00CA5EC6 /* OE5MinTests.swift */,
				BCA7CAB61DF7A89B00CA5EC6 /* Info.plist */,
			);
			path = OE5MinTests;
			sourceTree = "<group>";
		};
		BCA7CABE1DF7A89B00CA5EC6 /* OE5MinUITests */ = {
			isa = PBXGroup;
			children = (
				BCA7CABF1DF7A89B00CA5EC6 /* OE5MinUITests.swift */,
				BCA7CAC11DF7A89B00CA5EC6 /* Info.plist */,
			);
			path = OE5MinUITests;
			sourceTree = "<group>";
		};
		C7BE0769E45B0864B98FFF59 /* Pods */ = {
			isa = PBXGroup;
			children = (
				9D4358352ACC8114258EBA7D /* Pods-OE5Min.debug.xcconfig */,
				A1FD8344CF9E9AABDCDAF6A9 /* Pods-OE5Min.release.xcconfig */,
			);
			name = Pods;
			sourceTree = "<group>";
		};
		EDCE3E7FABD4654AC2D8499E /* Frameworks */ = {
			isa = PBXGroup;
			children = (
				8A7C9F3405B08D04F157AF12 /* Pods_OE5Min.framework */,
			);
			name = Frameworks;
			sourceTree = "<group>";
		};
/* End PBXGroup section */

/* Begin PBXNativeTarget section */
		BCA7CA9B1DF7A89A00CA5EC6 /* OE5Min */ = {
			isa = PBXNativeTarget;
			buildConfigurationList = BCA7CAC41DF7A89B00CA5EC6 /* Build configuration list for PBXNativeTarget "OE5Min" */;
			buildPhases = (
				E6E306A67CE8EDD8B840D532 /* [CP] Check Pods Manifest.lock */,
				BCA7CA981DF7A89A00CA5EC6 /* Sources */,
				BCA7CA991DF7A89A00CA5EC6 /* Frameworks */,
				BCA7CA9A1DF7A89A00CA5EC6 /* Resources */,
				E5C10CDF9FC393C069C9288E /* [CP] Embed Pods Frameworks */,
				A4D91C76A5AA33F50AD20570 /* [CP] Copy Pods Resources */,
			);
			buildRules = (
			);
			dependencies = (
			);
			name = OE5Min;
			productName = OE5Min;
			productReference = BCA7CA9C1DF7A89A00CA5EC6 /* OE5Min.app */;
			productType = "com.apple.product-type.application";
		};
		BCA7CAAF1DF7A89B00CA5EC6 /* OE5MinTests */ = {
			isa = PBXNativeTarget;
			buildConfigurationList = BCA7CAC71DF7A89B00CA5EC6 /* Build configuration list for PBXNativeTarget "OE5MinTests" */;
			buildPhases = (
				BCA7CAAC1DF7A89B00CA5EC6 /* Sources */,
				BCA7CAAD1DF7A89B00CA5EC6 /* Frameworks */,
				BCA7CAAE1DF7A89B00CA5EC6 /* Resources */,
			);
			buildRules = (
			);
			dependencies = (
				BCA7CAB21DF7A89B00CA5EC6 /* PBXTargetDependency */,
			);
			name = OE5MinTests;
			productName = OE5MinTests;
			productReference = BCA7CAB01DF7A89B00CA5EC6 /* OE5MinTests.xctest */;
			productType = "com.apple.product-type.bundle.unit-test";
		};
		BCA7CABA1DF7A89B00CA5EC6 /* OE5MinUITests */ = {
			isa = PBXNativeTarget;
			buildConfigurationList = BCA7CACA1DF7A89B00CA5EC6 /* Build configuration list for PBXNativeTarget "OE5MinUITests" */;
			buildPhases = (
				BCA7CAB71DF7A89B00CA5EC6 /* Sources */,
				BCA7CAB81DF7A89B00CA5EC6 /* Frameworks */,
				BCA7CAB91DF7A89B00CA5EC6 /* Resources */,
			);
			buildRules = (
			);
			dependencies = (
				BCA7CABD1DF7A89B00CA5EC6 /* PBXTargetDependency */,
			);
			name = OE5MinUITests;
			productName = OE5MinUITests;
			productReference = BCA7CABB1DF7A89B00CA5EC6 /* OE5MinUITests.xctest */;
			productType = "com.apple.product-type.bundle.ui-testing";
		};
/* End PBXNativeTarget section */

/* Begin PBXProject section */
		BCA7CA941DF7A89A00CA5EC6 /* Project object */ = {
			isa = PBXProject;
			attributes = {
				CLASSPREFIX = OE;
				LastSwiftUpdateCheck = 0810;
				LastUpgradeCheck = 0810;
				ORGANIZATIONNAME = gaof;
				TargetAttributes = {
					BCA7CA9B1DF7A89A00CA5EC6 = {
						CreatedOnToolsVersion = 8.1;
						DevelopmentTeam = AU2RF5G37H;
						LastSwiftMigration = 0820;
						ProvisioningStyle = Automatic;
					};
					BCA7CAAF1DF7A89B00CA5EC6 = {
						CreatedOnToolsVersion = 8.1;
						ProvisioningStyle = Automatic;
						TestTargetID = BCA7CA9B1DF7A89A00CA5EC6;
					};
					BCA7CABA1DF7A89B00CA5EC6 = {
						CreatedOnToolsVersion = 8.1;
						ProvisioningStyle = Automatic;
						TestTargetID = BCA7CA9B1DF7A89A00CA5EC6;
					};
				};
			};
			buildConfigurationList = BCA7CA971DF7A89A00CA5EC6 /* Build configuration list for PBXProject "OE5Min" */;
			compatibilityVersion = "Xcode 3.2";
			developmentRegion = English;
			hasScannedForEncodings = 0;
			knownRegions = (
				en,
				Base,
			);
			mainGroup = BCA7CA931DF7A89A00CA5EC6;
			productRefGroup = BCA7CA9D1DF7A89A00CA5EC6 /* Products */;
			projectDirPath = "";
			projectRoot = "";
			targets = (
				BCA7CA9B1DF7A89A00CA5EC6 /* OE5Min */,
				BCA7CAAF1DF7A89B00CA5EC6 /* OE5MinTests */,
				BCA7CABA1DF7A89B00CA5EC6 /* OE5MinUITests */,
			);
		};
/* End PBXProject section */

/* Begin PBXResourcesBuildPhase section */
		BCA7CA9A1DF7A89A00CA5EC6 /* Resources */ = {
			isa = PBXResourcesBuildPhase;
			buildActionMask = 2147483647;
			files = (
				BC372E661DF8FA39006FA33C /* Info.plist in Resources */,
				BC7C76F51E1B8654003807FC /* OELoginController.xib in Resources */,
				BCA7CAAA1DF7A89B00CA5EC6 /* LaunchScreen.storyboard in Resources */,
				BCA7CAA71DF7A89B00CA5EC6 /* Assets.xcassets in Resources */,
				BC372E741DF906C6006FA33C /* OEHomeCollectionCell.xib in Resources */,
			);
			runOnlyForDeploymentPostprocessing = 0;
		};
		BCA7CAAE1DF7A89B00CA5EC6 /* Resources */ = {
			isa = PBXResourcesBuildPhase;
			buildActionMask = 2147483647;
			files = (
			);
			runOnlyForDeploymentPostprocessing = 0;
		};
		BCA7CAB91DF7A89B00CA5EC6 /* Resources */ = {
			isa = PBXResourcesBuildPhase;
			buildActionMask = 2147483647;
			files = (
			);
			runOnlyForDeploymentPostprocessing = 0;
		};
/* End PBXResourcesBuildPhase section */

/* Begin PBXShellScriptBuildPhase section */
		A4D91C76A5AA33F50AD20570 /* [CP] Copy Pods Resources */ = {
			isa = PBXShellScriptBuildPhase;
			buildActionMask = 2147483647;
			files = (
			);
			inputPaths = (
			);
			name = "[CP] Copy Pods Resources";
			outputPaths = (
			);
			runOnlyForDeploymentPostprocessing = 0;
			shellPath = /bin/sh;
			shellScript = "\"${SRCROOT}/Pods/Target Support Files/Pods-OE5Min/Pods-OE5Min-resources.sh\"\n";
			showEnvVarsInLog = 0;
		};
		E5C10CDF9FC393C069C9288E /* [CP] Embed Pods Frameworks */ = {
			isa = PBXShellScriptBuildPhase;
			buildActionMask = 2147483647;
			files = (
			);
			inputPaths = (
			);
			name = "[CP] Embed Pods Frameworks";
			outputPaths = (
			);
			runOnlyForDeploymentPostprocessing = 0;
			shellPath = /bin/sh;
			shellScript = "\"${SRCROOT}/Pods/Target Support Files/Pods-OE5Min/Pods-OE5Min-frameworks.sh\"\n";
			showEnvVarsInLog = 0;
		};
		E6E306A67CE8EDD8B840D532 /* [CP] Check Pods Manifest.lock */ = {
			isa = PBXShellScriptBuildPhase;
			buildActionMask = 2147483647;
			files = (
			);
			inputPaths = (
			);
			name = "[CP] Check Pods Manifest.lock";
			outputPaths = (
			);
			runOnlyForDeploymentPostprocessing = 0;
			shellPath = /bin/sh;
			shellScript = "diff \"${PODS_ROOT}/../Podfile.lock\" \"${PODS_ROOT}/Manifest.lock\" > /dev/null\nif [ $? != 0 ] ; then\n    # print error to STDERR\n    echo \"error: The sandbox is not in sync with the Podfile.lock. Run 'pod install' or update your CocoaPods installation.\" >&2\n    exit 1\nfi\n";
			showEnvVarsInLog = 0;
		};
/* End PBXShellScriptBuildPhase section */

/* Begin PBXSourcesBuildPhase section */
		BCA7CA981DF7A89A00CA5EC6 /* Sources */ = {
			isa = PBXSourcesBuildPhase;
			buildActionMask = 2147483647;
			files = (
				BC007D051E0270A100266675 /* OEImageCollectionViewCell.swift in Sources */,
				BC7C76F41E1B8654003807FC /* OELoginController.swift in Sources */,
				BC52E91B1DFE73E600255199 /* OEBaseTableViewController.swift in Sources */,
				BC007D031E026DBB00266675 /* OEImageCollectionView.swift in Sources */,
				BC372E651DF8FA39006FA33C /* AppDelegate.swift in Sources */,
				BC372E6E1DF8FB48006FA33C /* OEHomeContoller.swift in Sources */,
				BC0A89701DFFDA92009765D0 /* OEView.swift in Sources */,
				BC372E731DF906C6006FA33C /* OEHomeCollectionCell.swift in Sources */,
				1839F9E41DFAE3A0005741B0 /* OEWeiboController.swift in Sources */,
				BC7C76F81E1B8669003807FC /* OENetWorking.swift in Sources */,
				BC52E91C1DFE73E600255199 /* OEBaseViewController.swift in Sources */,
				BC8EC72E1E03D56600AD76EA /* OEUserLabel.swift in Sources */,
				BC9A519F1E1CCAE1001A6EAA /* OECache.swift in Sources */,
				BC007D071E029E2E00266675 /* OEWeiboTextView.swift in Sources */,
				BC52E91A1DFE73E600255199 /* OEBaseNavController.swift in Sources */,
				1839F9E71DFAE5EC005741B0 /* OEWeiboCell.swift in Sources */,
				BC372E701DF8FEEF006FA33C /* OEMacro.swift in Sources */,
			);
			runOnlyForDeploymentPostprocessing = 0;
		};
		BCA7CAAC1DF7A89B00CA5EC6 /* Sources */ = {
			isa = PBXSourcesBuildPhase;
			buildActionMask = 2147483647;
			files = (
				BCA7CAB51DF7A89B00CA5EC6 /* OE5MinTests.swift in Sources */,
			);
			runOnlyForDeploymentPostprocessing = 0;
		};
		BCA7CAB71DF7A89B00CA5EC6 /* Sources */ = {
			isa = PBXSourcesBuildPhase;
			buildActionMask = 2147483647;
			files = (
				BCA7CAC01DF7A89B00CA5EC6 /* OE5MinUITests.swift in Sources */,
			);
			runOnlyForDeploymentPostprocessing = 0;
		};
/* End PBXSourcesBuildPhase section */

/* Begin PBXTargetDependency section */
		BCA7CAB21DF7A89B00CA5EC6 /* PBXTargetDependency */ = {
			isa = PBXTargetDependency;
			target = BCA7CA9B1DF7A89A00CA5EC6 /* OE5Min */;
			targetProxy = BCA7CAB11DF7A89B00CA5EC6 /* PBXContainerItemProxy */;
		};
		BCA7CABD1DF7A89B00CA5EC6 /* PBXTargetDependency */ = {
			isa = PBXTargetDependency;
			target = BCA7CA9B1DF7A89A00CA5EC6 /* OE5Min */;
			targetProxy = BCA7CABC1DF7A89B00CA5EC6 /* PBXContainerItemProxy */;
		};
/* End PBXTargetDependency section */

/* Begin PBXVariantGroup section */
		BCA7CAA81DF7A89B00CA5EC6 /* LaunchScreen.storyboard */ = {
			isa = PBXVariantGroup;
			children = (
				BCA7CAA91DF7A89B00CA5EC6 /* Base */,
			);
			name = LaunchScreen.storyboard;
			path = ..;
			sourceTree = "<group>";
		};
/* End PBXVariantGroup section */

/* Begin XCBuildConfiguration section */
		BCA7CAC21DF7A89B00CA5EC6 /* Debug */ = {
			isa = XCBuildConfiguration;
			buildSettings = {
				ALWAYS_SEARCH_USER_PATHS = NO;
				CLANG_ANALYZER_NONNULL = YES;
				CLANG_CXX_LANGUAGE_STANDARD = "gnu++0x";
				CLANG_CXX_LIBRARY = "libc++";
				CLANG_ENABLE_MODULES = YES;
				CLANG_ENABLE_OBJC_ARC = YES;
				CLANG_WARN_BOOL_CONVERSION = YES;
				CLANG_WARN_CONSTANT_CONVERSION = YES;
				CLANG_WARN_DIRECT_OBJC_ISA_USAGE = YES_ERROR;
				CLANG_WARN_DOCUMENTATION_COMMENTS = YES;
				CLANG_WARN_EMPTY_BODY = YES;
				CLANG_WARN_ENUM_CONVERSION = YES;
				CLANG_WARN_INFINITE_RECURSION = YES;
				CLANG_WARN_INT_CONVERSION = YES;
				CLANG_WARN_OBJC_ROOT_CLASS = YES_ERROR;
				CLANG_WARN_SUSPICIOUS_MOVES = YES;
				CLANG_WARN_UNREACHABLE_CODE = YES;
				CLANG_WARN__DUPLICATE_METHOD_MATCH = YES;
				"CODE_SIGN_IDENTITY[sdk=iphoneos*]" = "iPhone Developer";
				COPY_PHASE_STRIP = NO;
				DEBUG_INFORMATION_FORMAT = dwarf;
				ENABLE_STRICT_OBJC_MSGSEND = YES;
				ENABLE_TESTABILITY = YES;
				GCC_C_LANGUAGE_STANDARD = gnu99;
				GCC_DYNAMIC_NO_PIC = NO;
				GCC_NO_COMMON_BLOCKS = YES;
				GCC_OPTIMIZATION_LEVEL = 0;
				GCC_PREPROCESSOR_DEFINITIONS = (
					"DEBUG=1",
					"$(inherited)",
				);
				GCC_WARN_64_TO_32_BIT_CONVERSION = YES;
				GCC_WARN_ABOUT_RETURN_TYPE = YES_ERROR;
				GCC_WARN_UNDECLARED_SELECTOR = YES;
				GCC_WARN_UNINITIALIZED_AUTOS = YES_AGGRESSIVE;
				GCC_WARN_UNUSED_FUNCTION = YES;
				GCC_WARN_UNUSED_VARIABLE = YES;
				IPHONEOS_DEPLOYMENT_TARGET = 10.1;
				MTL_ENABLE_DEBUG_INFO = YES;
				ONLY_ACTIVE_ARCH = YES;
				SDKROOT = iphoneos;
				SWIFT_ACTIVE_COMPILATION_CONDITIONS = DEBUG;
				SWIFT_OPTIMIZATION_LEVEL = "-Onone";
				TARGETED_DEVICE_FAMILY = "1,2";
			};
			name = Debug;
		};
		BCA7CAC31DF7A89B00CA5EC6 /* Release */ = {
			isa = XCBuildConfiguration;
			buildSettings = {
				ALWAYS_SEARCH_USER_PATHS = NO;
				CLANG_ANALYZER_NONNULL = YES;
				CLANG_CXX_LANGUAGE_STANDARD = "gnu++0x";
				CLANG_CXX_LIBRARY = "libc++";
				CLANG_ENABLE_MODULES = YES;
				CLANG_ENABLE_OBJC_ARC = YES;
				CLANG_WARN_BOOL_CONVERSION = YES;
				CLANG_WARN_CONSTANT_CONVERSION = YES;
				CLANG_WARN_DIRECT_OBJC_ISA_USAGE = YES_ERROR;
				CLANG_WARN_DOCUMENTATION_COMMENTS = YES;
				CLANG_WARN_EMPTY_BODY = YES;
				CLANG_WARN_ENUM_CONVERSION = YES;
				CLANG_WARN_INFINITE_RECURSION = YES;
				CLANG_WARN_INT_CONVERSION = YES;
				CLANG_WARN_OBJC_ROOT_CLASS = YES_ERROR;
				CLANG_WARN_SUSPICIOUS_MOVES = YES;
				CLANG_WARN_UNREACHABLE_CODE = YES;
				CLANG_WARN__DUPLICATE_METHOD_MATCH = YES;
				"CODE_SIGN_IDENTITY[sdk=iphoneos*]" = "iPhone Developer";
				COPY_PHASE_STRIP = NO;
				DEBUG_INFORMATION_FORMAT = "dwarf-with-dsym";
				ENABLE_NS_ASSERTIONS = NO;
				ENABLE_STRICT_OBJC_MSGSEND = YES;
				GCC_C_LANGUAGE_STANDARD = gnu99;
				GCC_NO_COMMON_BLOCKS = YES;
				GCC_WARN_64_TO_32_BIT_CONVERSION = YES;
				GCC_WARN_ABOUT_RETURN_TYPE = YES_ERROR;
				GCC_WARN_UNDECLARED_SELECTOR = YES;
				GCC_WARN_UNINITIALIZED_AUTOS = YES_AGGRESSIVE;
				GCC_WARN_UNUSED_FUNCTION = YES;
				GCC_WARN_UNUSED_VARIABLE = YES;
				IPHONEOS_DEPLOYMENT_TARGET = 10.1;
				MTL_ENABLE_DEBUG_INFO = NO;
				SDKROOT = iphoneos;
				SWIFT_OPTIMIZATION_LEVEL = "-Owholemodule";
				TARGETED_DEVICE_FAMILY = "1,2";
				VALIDATE_PRODUCT = YES;
			};
			name = Release;
		};
		BCA7CAC51DF7A89B00CA5EC6 /* Debug */ = {
			isa = XCBuildConfiguration;
			baseConfigurationReference = 9D4358352ACC8114258EBA7D /* Pods-OE5Min.debug.xcconfig */;
			buildSettings = {
				ASSETCATALOG_COMPILER_APPICON_NAME = AppIcon;
				CLANG_ENABLE_MODULES = YES;
				DEVELOPMENT_TEAM = AU2RF5G37H;
				INFOPLIST_FILE = "$(SRCROOT)/OE5Min/Other/Info.plist";
				IPHONEOS_DEPLOYMENT_TARGET = 9.0;
				LD_RUNPATH_SEARCH_PATHS = "$(inherited) @executable_path/Frameworks";
				PRODUCT_BUNDLE_IDENTIFIER = gaof.OE5Min;
				PRODUCT_NAME = "$(TARGET_NAME)";
				SWIFT_OBJC_BRIDGING_HEADER = "OE5Min/Other/OE5Min-Bridging-Header.h";
				SWIFT_OPTIMIZATION_LEVEL = "-Onone";
				SWIFT_VERSION = 3.0;
			};
			name = Debug;
		};
		BCA7CAC61DF7A89B00CA5EC6 /* Release */ = {
			isa = XCBuildConfiguration;
			baseConfigurationReference = A1FD8344CF9E9AABDCDAF6A9 /* Pods-OE5Min.release.xcconfig */;
			buildSettings = {
				ASSETCATALOG_COMPILER_APPICON_NAME = AppIcon;
				CLANG_ENABLE_MODULES = YES;
				DEVELOPMENT_TEAM = AU2RF5G37H;
				INFOPLIST_FILE = "$(SRCROOT)/OE5Min/Other/Info.plist";
				IPHONEOS_DEPLOYMENT_TARGET = 9.0;
				LD_RUNPATH_SEARCH_PATHS = "$(inherited) @executable_path/Frameworks";
				PRODUCT_BUNDLE_IDENTIFIER = gaof.OE5Min;
				PRODUCT_NAME = "$(TARGET_NAME)";
				SWIFT_OBJC_BRIDGING_HEADER = "OE5Min/Other/OE5Min-Bridging-Header.h";
				SWIFT_VERSION = 3.0;
			};
			name = Release;
		};
		BCA7CAC81DF7A89B00CA5EC6 /* Debug */ = {
			isa = XCBuildConfiguration;
			buildSettings = {
				ALWAYS_EMBED_SWIFT_STANDARD_LIBRARIES = YES;
				BUNDLE_LOADER = "$(TEST_HOST)";
				INFOPLIST_FILE = OE5MinTests/Info.plist;
				LD_RUNPATH_SEARCH_PATHS = "$(inherited) @executable_path/Frameworks @loader_path/Frameworks";
				PRODUCT_BUNDLE_IDENTIFIER = gaof.OE5MinTests;
				PRODUCT_NAME = "$(TARGET_NAME)";
				SWIFT_VERSION = 3.0;
				TEST_HOST = "$(BUILT_PRODUCTS_DIR)/OE5Min.app/OE5Min";
			};
			name = Debug;
		};
		BCA7CAC91DF7A89B00CA5EC6 /* Release */ = {
			isa = XCBuildConfiguration;
			buildSettings = {
				ALWAYS_EMBED_SWIFT_STANDARD_LIBRARIES = YES;
				BUNDLE_LOADER = "$(TEST_HOST)";
				INFOPLIST_FILE = OE5MinTests/Info.plist;
				LD_RUNPATH_SEARCH_PATHS = "$(inherited) @executable_path/Frameworks @loader_path/Frameworks";
				PRODUCT_BUNDLE_IDENTIFIER = gaof.OE5MinTests;
				PRODUCT_NAME = "$(TARGET_NAME)";
				SWIFT_VERSION = 3.0;
				TEST_HOST = "$(BUILT_PRODUCTS_DIR)/OE5Min.app/OE5Min";
			};
			name = Release;
		};
		BCA7CACB1DF7A89B00CA5EC6 /* Debug */ = {
			isa = XCBuildConfiguration;
			buildSettings = {
				ALWAYS_EMBED_SWIFT_STANDARD_LIBRARIES = YES;
				INFOPLIST_FILE = OE5MinUITests/Info.plist;
				LD_RUNPATH_SEARCH_PATHS = "$(inherited) @executable_path/Frameworks @loader_path/Frameworks";
				PRODUCT_BUNDLE_IDENTIFIER = gaof.OE5MinUITests;
				PRODUCT_NAME = "$(TARGET_NAME)";
				SWIFT_VERSION = 3.0;
				TEST_TARGET_NAME = OE5Min;
			};
			name = Debug;
		};
		BCA7CACC1DF7A89B00CA5EC6 /* Release */ = {
			isa = XCBuildConfiguration;
			buildSettings = {
				ALWAYS_EMBED_SWIFT_STANDARD_LIBRARIES = YES;
				INFOPLIST_FILE = OE5MinUITests/Info.plist;
				LD_RUNPATH_SEARCH_PATHS = "$(inherited) @executable_path/Frameworks @loader_path/Frameworks";
				PRODUCT_BUNDLE_IDENTIFIER = gaof.OE5MinUITests;
				PRODUCT_NAME = "$(TARGET_NAME)";
				SWIFT_VERSION = 3.0;
				TEST_TARGET_NAME = OE5Min;
			};
			name = Release;
		};
/* End XCBuildConfiguration section */

/* Begin XCConfigurationList section */
		BCA7CA971DF7A89A00CA5EC6 /* Build configuration list for PBXProject "OE5Min" */ = {
			isa = XCConfigurationList;
			buildConfigurations = (
				BCA7CAC21DF7A89B00CA5EC6 /* Debug */,
				BCA7CAC31DF7A89B00CA5EC6 /* Release */,
			);
			defaultConfigurationIsVisible = 0;
			defaultConfigurationName = Release;
		};
		BCA7CAC41DF7A89B00CA5EC6 /* Build configuration list for PBXNativeTarget "OE5Min" */ = {
			isa = XCConfigurationList;
			buildConfigurations = (
				BCA7CAC51DF7A89B00CA5EC6 /* Debug */,
				BCA7CAC61DF7A89B00CA5EC6 /* Release */,
			);
			defaultConfigurationIsVisible = 0;
			defaultConfigurationName = Release;
		};
		BCA7CAC71DF7A89B00CA5EC6 /* Build configuration list for PBXNativeTarget "OE5MinTests" */ = {
			isa = XCConfigurationList;
			buildConfigurations = (
				BCA7CAC81DF7A89B00CA5EC6 /* Debug */,
				BCA7CAC91DF7A89B00CA5EC6 /* Release */,
			);
			defaultConfigurationIsVisible = 0;
			defaultConfigurationName = Release;
		};
		BCA7CACA1DF7A89B00CA5EC6 /* Build configuration list for PBXNativeTarget "OE5MinUITests" */ = {
			isa = XCConfigurationList;
			buildConfigurations = (
				BCA7CACB1DF7A89B00CA5EC6 /* Debug */,
				BCA7CACC1DF7A89B00CA5EC6 /* Release */,
			);
			defaultConfigurationIsVisible = 0;
			defaultConfigurationName = Release;
		};
/* End XCConfigurationList section */
	};
	rootObject = BCA7CA941DF7A89A00CA5EC6 /* Project object */;
}
